// !$*UTF8*$!
{
	archiveVersion = 1;
	classes = {
	};
	objectVersion = 46;
	objects = {

/* Begin PBXBuildFile section */
		7929D461340E2D66D1619B24 /* Pods_frimapUITests.framework in Frameworks */ = {isa = PBXBuildFile; fileRef = C5597DB7F87766EEA40266E2 /* Pods_frimapUITests.framework */; };
		89319B551F4D3F93007E9BD3 /* AppDelegate.swift in Sources */ = {isa = PBXBuildFile; fileRef = 89319B541F4D3F93007E9BD3 /* AppDelegate.swift */; };
		89319B571F4D3F93007E9BD3 /* ViewController.swift in Sources */ = {isa = PBXBuildFile; fileRef = 89319B561F4D3F93007E9BD3 /* ViewController.swift */; };
		89319B5A1F4D3F93007E9BD3 /* Main.storyboard in Resources */ = {isa = PBXBuildFile; fileRef = 89319B581F4D3F93007E9BD3 /* Main.storyboard */; };
		89319B5C1F4D3F93007E9BD3 /* Assets.xcassets in Resources */ = {isa = PBXBuildFile; fileRef = 89319B5B1F4D3F93007E9BD3 /* Assets.xcassets */; };
		89319B5F1F4D3F93007E9BD3 /* LaunchScreen.storyboard in Resources */ = {isa = PBXBuildFile; fileRef = 89319B5D1F4D3F93007E9BD3 /* LaunchScreen.storyboard */; };
		89319B6A1F4D3F93007E9BD3 /* frimapTests.swift in Sources */ = {isa = PBXBuildFile; fileRef = 89319B691F4D3F93007E9BD3 /* frimapTests.swift */; };
		89319B751F4D3F93007E9BD3 /* frimapUITests.swift in Sources */ = {isa = PBXBuildFile; fileRef = 89319B741F4D3F93007E9BD3 /* frimapUITests.swift */; };
		8966DC1E1F5A75C70039B2EA /* GoogleService-Info.plist in Resources */ = {isa = PBXBuildFile; fileRef = 8966DC1D1F5A75C70039B2EA /* GoogleService-Info.plist */; };
		BF2B0BD63324C54D821C60A8 /* Pods_frimapTests.framework in Frameworks */ = {isa = PBXBuildFile; fileRef = FC3431BCAF0422A62C74954E /* Pods_frimapTests.framework */; };
		F3CEE2AD9F69665A3F7D634F /* Pods_frimap.framework in Frameworks */ = {isa = PBXBuildFile; fileRef = 42E0D5B1456CB15EF6A0088F /* Pods_frimap.framework */; };
/* End PBXBuildFile section */

/* Begin PBXContainerItemProxy section */
		89319B661F4D3F93007E9BD3 /* PBXContainerItemProxy */ = {
			isa = PBXContainerItemProxy;
			containerPortal = 89319B491F4D3F93007E9BD3 /* Project object */;
			proxyType = 1;
			remoteGlobalIDString = 89319B501F4D3F93007E9BD3;
			remoteInfo = frimap;
		};
		89319B711F4D3F93007E9BD3 /* PBXContainerItemProxy */ = {
			isa = PBXContainerItemProxy;
			containerPortal = 89319B491F4D3F93007E9BD3 /* Project object */;
			proxyType = 1;
			remoteGlobalIDString = 89319B501F4D3F93007E9BD3;
			remoteInfo = frimap;
		};
/* End PBXContainerItemProxy section */

/* Begin PBXFileReference section */
		3279E333C40E10846ABFEDE2 /* Pods-frimapTests.release.xcconfig */ = {isa = PBXFileReference; includeInIndex = 1; lastKnownFileType = text.xcconfig; name = "Pods-frimapTests.release.xcconfig"; path = "Pods/Target Support Files/Pods-frimapTests/Pods-frimapTests.release.xcconfig"; sourceTree = "<group>"; };
		42E0D5B1456CB15EF6A0088F /* Pods_frimap.framework */ = {isa = PBXFileReference; explicitFileType = wrapper.framework; includeInIndex = 0; path = Pods_frimap.framework; sourceTree = BUILT_PRODUCTS_DIR; };
		558092652AFE5EA04D1A7B3B /* Pods-frimapUITests.release.xcconfig */ = {isa = PBXFileReference; includeInIndex = 1; lastKnownFileType = text.xcconfig; name = "Pods-frimapUITests.release.xcconfig"; path = "Pods/Target Support Files/Pods-frimapUITests/Pods-frimapUITests.release.xcconfig"; sourceTree = "<group>"; };
		6E58BA3A91A23CFB3C88F344 /* Pods-frimapUITests.debug.xcconfig */ = {isa = PBXFileReference; includeInIndex = 1; lastKnownFileType = text.xcconfig; name = "Pods-frimapUITests.debug.xcconfig"; path = "Pods/Target Support Files/Pods-frimapUITests/Pods-frimapUITests.debug.xcconfig"; sourceTree = "<group>"; };
		89319B511F4D3F93007E9BD3 /* frimap.app */ = {isa = PBXFileReference; explicitFileType = wrapper.application; includeInIndex = 0; path = frimap.app; sourceTree = BUILT_PRODUCTS_DIR; };
		89319B541F4D3F93007E9BD3 /* AppDelegate.swift */ = {isa = PBXFileReference; lastKnownFileType = sourcecode.swift; path = AppDelegate.swift; sourceTree = "<group>"; };
		89319B561F4D3F93007E9BD3 /* ViewController.swift */ = {isa = PBXFileReference; lastKnownFileType = sourcecode.swift; path = ViewController.swift; sourceTree = "<group>"; };
		89319B591F4D3F93007E9BD3 /* Base */ = {isa = PBXFileReference; lastKnownFileType = file.storyboard; name = Base; path = Base.lproj/Main.storyboard; sourceTree = "<group>"; };
		89319B5B1F4D3F93007E9BD3 /* Assets.xcassets */ = {isa = PBXFileReference; lastKnownFileType = folder.assetcatalog; path = Assets.xcassets; sourceTree = "<group>"; };
		89319B5E1F4D3F93007E9BD3 /* Base */ = {isa = PBXFileReference; lastKnownFileType = file.storyboard; name = Base; path = Base.lproj/LaunchScreen.storyboard; sourceTree = "<group>"; };
		89319B601F4D3F93007E9BD3 /* Info.plist */ = {isa = PBXFileReference; lastKnownFileType = text.plist.xml; path = Info.plist; sourceTree = "<group>"; };
		89319B651F4D3F93007E9BD3 /* frimapTests.xctest */ = {isa = PBXFileReference; explicitFileType = wrapper.cfbundle; includeInIndex = 0; path = frimapTests.xctest; sourceTree = BUILT_PRODUCTS_DIR; };
		89319B691F4D3F93007E9BD3 /* frimapTests.swift */ = {isa = PBXFileReference; lastKnownFileType = sourcecode.swift; path = frimapTests.swift; sourceTree = "<group>"; };
		89319B6B1F4D3F93007E9BD3 /* Info.plist */ = {isa = PBXFileReference; lastKnownFileType = text.plist.xml; path = Info.plist; sourceTree = "<group>"; };
		89319B701F4D3F93007E9BD3 /* frimapUITests.xctest */ = {isa = PBXFileReference; explicitFileType = wrapper.cfbundle; includeInIndex = 0; path = frimapUITests.xctest; sourceTree = BUILT_PRODUCTS_DIR; };
		89319B741F4D3F93007E9BD3 /* frimapUITests.swift */ = {isa = PBXFileReference; lastKnownFileType = sourcecode.swift; path = frimapUITests.swift; sourceTree = "<group>"; };
		89319B761F4D3F93007E9BD3 /* Info.plist */ = {isa = PBXFileReference; lastKnownFileType = text.plist.xml; path = Info.plist; sourceTree = "<group>"; };
		8966DC1D1F5A75C70039B2EA /* GoogleService-Info.plist */ = {isa = PBXFileReference; fileEncoding = 4; lastKnownFileType = text.plist.xml; path = "GoogleService-Info.plist"; sourceTree = "<group>"; };
		8B7C7ED0E9DE79FD32150374 /* Pods-frimap.release.xcconfig */ = {isa = PBXFileReference; includeInIndex = 1; lastKnownFileType = text.xcconfig; name = "Pods-frimap.release.xcconfig"; path = "Pods/Target Support Files/Pods-frimap/Pods-frimap.release.xcconfig"; sourceTree = "<group>"; };
		A369ECA9DE11436BE93A62DC /* Pods-frimap.debug.xcconfig */ = {isa = PBXFileReference; includeInIndex = 1; lastKnownFileType = text.xcconfig; name = "Pods-frimap.debug.xcconfig"; path = "Pods/Target Support Files/Pods-frimap/Pods-frimap.debug.xcconfig"; sourceTree = "<group>"; };
		C5597DB7F87766EEA40266E2 /* Pods_frimapUITests.framework */ = {isa = PBXFileReference; explicitFileType = wrapper.framework; includeInIndex = 0; path = Pods_frimapUITests.framework; sourceTree = BUILT_PRODUCTS_DIR; };
		E316C27D3B9C94569C7330EE /* Pods-frimapTests.debug.xcconfig */ = {isa = PBXFileReference; includeInIndex = 1; lastKnownFileType = text.xcconfig; name = "Pods-frimapTests.debug.xcconfig"; path = "Pods/Target Support Files/Pods-frimapTests/Pods-frimapTests.debug.xcconfig"; sourceTree = "<group>"; };
		FC3431BCAF0422A62C74954E /* Pods_frimapTests.framework */ = {isa = PBXFileReference; explicitFileType = wrapper.framework; includeInIndex = 0; path = Pods_frimapTests.framework; sourceTree = BUILT_PRODUCTS_DIR; };
/* End PBXFileReference section */

/* Begin PBXFrameworksBuildPhase section */
		89319B4E1F4D3F93007E9BD3 /* Frameworks */ = {
			isa = PBXFrameworksBuildPhase;
			buildActionMask = 2147483647;
			files = (
				F3CEE2AD9F69665A3F7D634F /* Pods_frimap.framework in Frameworks */,
			);
			runOnlyForDeploymentPostprocessing = 0;
		};
		89319B621F4D3F93007E9BD3 /* Frameworks */ = {
			isa = PBXFrameworksBuildPhase;
			buildActionMask = 2147483647;
			files = (
				BF2B0BD63324C54D821C60A8 /* Pods_frimapTests.framework in Frameworks */,
			);
			runOnlyForDeploymentPostprocessing = 0;
		};
		89319B6D1F4D3F93007E9BD3 /* Frameworks */ = {
			isa = PBXFrameworksBuildPhase;
			buildActionMask = 2147483647;
			files = (
				7929D461340E2D66D1619B24 /* Pods_frimapUITests.framework in Frameworks */,
			);
			runOnlyForDeploymentPostprocessing = 0;
		};
/* End PBXFrameworksBuildPhase section */

/* Begin PBXGroup section */
		211C5EF1E2C7791414B33513 /* Pods */ = {
			isa = PBXGroup;
			children = (
				A369ECA9DE11436BE93A62DC /* Pods-frimap.debug.xcconfig */,
				8B7C7ED0E9DE79FD32150374 /* Pods-frimap.release.xcconfig */,
				E316C27D3B9C94569C7330EE /* Pods-frimapTests.debug.xcconfig */,
				3279E333C40E10846ABFEDE2 /* Pods-frimapTests.release.xcconfig */,
				6E58BA3A91A23CFB3C88F344 /* Pods-frimapUITests.debug.xcconfig */,
				558092652AFE5EA04D1A7B3B /* Pods-frimapUITests.release.xcconfig */,
			);
			name = Pods;
			sourceTree = "<group>";
		};
		89319B481F4D3F93007E9BD3 = {
			isa = PBXGroup;
			children = (
				89319B531F4D3F93007E9BD3 /* frimap */,
				89319B681F4D3F93007E9BD3 /* frimapTests */,
				89319B731F4D3F93007E9BD3 /* frimapUITests */,
				89319B521F4D3F93007E9BD3 /* Products */,
				211C5EF1E2C7791414B33513 /* Pods */,
				B36CE0B3D1F2C2E4E2538410 /* Frameworks */,
			);
			sourceTree = "<group>";
		};
		89319B521F4D3F93007E9BD3 /* Products */ = {
			isa = PBXGroup;
			children = (
				89319B511F4D3F93007E9BD3 /* frimap.app */,
				89319B651F4D3F93007E9BD3 /* frimapTests.xctest */,
				89319B701F4D3F93007E9BD3 /* frimapUITests.xctest */,
			);
			name = Products;
			sourceTree = "<group>";
		};
		89319B531F4D3F93007E9BD3 /* frimap */ = {
			isa = PBXGroup;
			children = (
				89319B541F4D3F93007E9BD3 /* AppDelegate.swift */,
				89319B561F4D3F93007E9BD3 /* ViewController.swift */,
				89319B581F4D3F93007E9BD3 /* Main.storyboard */,
				89319B5B1F4D3F93007E9BD3 /* Assets.xcassets */,
				89319B5D1F4D3F93007E9BD3 /* LaunchScreen.storyboard */,
				8966DC1D1F5A75C70039B2EA /* GoogleService-Info.plist */,
				89319B601F4D3F93007E9BD3 /* Info.plist */,
			);
			path = frimap;
			sourceTree = "<group>";
		};
		89319B681F4D3F93007E9BD3 /* frimapTests */ = {
			isa = PBXGroup;
			children = (
				89319B691F4D3F93007E9BD3 /* frimapTests.swift */,
				89319B6B1F4D3F93007E9BD3 /* Info.plist */,
			);
			path = frimapTests;
			sourceTree = "<group>";
		};
		89319B731F4D3F93007E9BD3 /* frimapUITests */ = {
			isa = PBXGroup;
			children = (
				89319B741F4D3F93007E9BD3 /* frimapUITests.swift */,
				89319B761F4D3F93007E9BD3 /* Info.plist */,
			);
			path = frimapUITests;
			sourceTree = "<group>";
		};
		B36CE0B3D1F2C2E4E2538410 /* Frameworks */ = {
			isa = PBXGroup;
			children = (
				42E0D5B1456CB15EF6A0088F /* Pods_frimap.framework */,
				FC3431BCAF0422A62C74954E /* Pods_frimapTests.framework */,
				C5597DB7F87766EEA40266E2 /* Pods_frimapUITests.framework */,
			);
			name = Frameworks;
			sourceTree = "<group>";
		};
/* End PBXGroup section */

/* Begin PBXNativeTarget section */
		89319B501F4D3F93007E9BD3 /* frimap */ = {
			isa = PBXNativeTarget;
			buildConfigurationList = 89319B791F4D3F93007E9BD3 /* Build configuration list for PBXNativeTarget "frimap" */;
			buildPhases = (
				359FDBA94C58622F48D63ECC /* [CP] Check Pods Manifest.lock */,
				89319B4D1F4D3F93007E9BD3 /* Sources */,
				89319B4E1F4D3F93007E9BD3 /* Frameworks */,
				89319B4F1F4D3F93007E9BD3 /* Resources */,
				732B82F1C0C8DD641C10A729 /* [CP] Embed Pods Frameworks */,
				6B81E08ECB7B6854153554C5 /* [CP] Copy Pods Resources */,
			);
			buildRules = (
			);
			dependencies = (
			);
			name = frimap;
			productName = frimap;
			productReference = 89319B511F4D3F93007E9BD3 /* frimap.app */;
			productType = "com.apple.product-type.application";
		};
		89319B641F4D3F93007E9BD3 /* frimapTests */ = {
			isa = PBXNativeTarget;
			buildConfigurationList = 89319B7C1F4D3F93007E9BD3 /* Build configuration list for PBXNativeTarget "frimapTests" */;
			buildPhases = (
				DE77DE6C9CD33AB833E83999 /* [CP] Check Pods Manifest.lock */,
				89319B611F4D3F93007E9BD3 /* Sources */,
				89319B621F4D3F93007E9BD3 /* Frameworks */,
				89319B631F4D3F93007E9BD3 /* Resources */,
				262FC4987512398EC9EFD467 /* [CP] Embed Pods Frameworks */,
				FDEAF48970022FF825E235E5 /* [CP] Copy Pods Resources */,
			);
			buildRules = (
			);
			dependencies = (
				89319B671F4D3F93007E9BD3 /* PBXTargetDependency */,
			);
			name = frimapTests;
			productName = frimapTests;
			productReference = 89319B651F4D3F93007E9BD3 /* frimapTests.xctest */;
			productType = "com.apple.product-type.bundle.unit-test";
		};
		89319B6F1F4D3F93007E9BD3 /* frimapUITests */ = {
			isa = PBXNativeTarget;
			buildConfigurationList = 89319B7F1F4D3F93007E9BD3 /* Build configuration list for PBXNativeTarget "frimapUITests" */;
			buildPhases = (
				A144DDD896587B7318562FFC /* [CP] Check Pods Manifest.lock */,
				89319B6C1F4D3F93007E9BD3 /* Sources */,
				89319B6D1F4D3F93007E9BD3 /* Frameworks */,
				89319B6E1F4D3F93007E9BD3 /* Resources */,
				6621EE83A61D1BDF3024CEA1 /* [CP] Embed Pods Frameworks */,
				43444D9762E260AFFCB30CB9 /* [CP] Copy Pods Resources */,
			);
			buildRules = (
			);
			dependencies = (
				89319B721F4D3F93007E9BD3 /* PBXTargetDependency */,
			);
			name = frimapUITests;
			productName = frimapUITests;
			productReference = 89319B701F4D3F93007E9BD3 /* frimapUITests.xctest */;
			productType = "com.apple.product-type.bundle.ui-testing";
		};
/* End PBXNativeTarget section */

/* Begin PBXProject section */
		89319B491F4D3F93007E9BD3 /* Project object */ = {
			isa = PBXProject;
			attributes = {
				LastSwiftUpdateCheck = 0830;
				LastUpgradeCheck = 0830;
				ORGANIZATIONNAME = "杉山航";
				TargetAttributes = {
					89319B501F4D3F93007E9BD3 = {
						CreatedOnToolsVersion = 8.3.2;
						ProvisioningStyle = Automatic;
					};
					89319B641F4D3F93007E9BD3 = {
						CreatedOnToolsVersion = 8.3.2;
						ProvisioningStyle = Automatic;
						TestTargetID = 89319B501F4D3F93007E9BD3;
					};
					89319B6F1F4D3F93007E9BD3 = {
						CreatedOnToolsVersion = 8.3.2;
						ProvisioningStyle = Automatic;
						TestTargetID = 89319B501F4D3F93007E9BD3;
					};
				};
			};
			buildConfigurationList = 89319B4C1F4D3F93007E9BD3 /* Build configuration list for PBXProject "frimap" */;
			compatibilityVersion = "Xcode 3.2";
			developmentRegion = English;
			hasScannedForEncodings = 0;
			knownRegions = (
				en,
				Base,
			);
			mainGroup = 89319B481F4D3F93007E9BD3;
			productRefGroup = 89319B521F4D3F93007E9BD3 /* Products */;
			projectDirPath = "";
			projectRoot = "";
			targets = (
				89319B501F4D3F93007E9BD3 /* frimap */,
				89319B641F4D3F93007E9BD3 /* frimapTests */,
				89319B6F1F4D3F93007E9BD3 /* frimapUITests */,
			);
		};
/* End PBXProject section */

/* Begin PBXResourcesBuildPhase section */
		89319B4F1F4D3F93007E9BD3 /* Resources */ = {
			isa = PBXResourcesBuildPhase;
			buildActionMask = 2147483647;
			files = (
				89319B5F1F4D3F93007E9BD3 /* LaunchScreen.storyboard in Resources */,
				8966DC1E1F5A75C70039B2EA /* GoogleService-Info.plist in Resources */,
				89319B5C1F4D3F93007E9BD3 /* Assets.xcassets in Resources */,
				89319B5A1F4D3F93007E9BD3 /* Main.storyboard in Resources */,
			);
			runOnlyForDeploymentPostprocessing = 0;
		};
		89319B631F4D3F93007E9BD3 /* Resources */ = {
			isa = PBXResourcesBuildPhase;
			buildActionMask = 2147483647;
			files = (
			);
			runOnlyForDeploymentPostprocessing = 0;
		};
		89319B6E1F4D3F93007E9BD3 /* Resources */ = {
			isa = PBXResourcesBuildPhase;
			buildActionMask = 2147483647;
			files = (
			);
			runOnlyForDeploymentPostprocessing = 0;
		};
/* End PBXResourcesBuildPhase section */

/* Begin PBXShellScriptBuildPhase section */
		262FC4987512398EC9EFD467 /* [CP] Embed Pods Frameworks */ = {
			isa = PBXShellScriptBuildPhase;
			buildActionMask = 2147483647;
			files = (
			);
			inputPaths = (
			);
			name = "[CP] Embed Pods Frameworks";
			outputPaths = (
			);
			runOnlyForDeploymentPostprocessing = 0;
			shellPath = /bin/sh;
			shellScript = "\"${SRCROOT}/Pods/Target Support Files/Pods-frimapTests/Pods-frimapTests-frameworks.sh\"\n";
			showEnvVarsInLog = 0;
		};
		359FDBA94C58622F48D63ECC /* [CP] Check Pods Manifest.lock */ = {
			isa = PBXShellScriptBuildPhase;
			buildActionMask = 2147483647;
			files = (
			);
			inputPaths = (
			);
			name = "[CP] Check Pods Manifest.lock";
			outputPaths = (
			);
			runOnlyForDeploymentPostprocessing = 0;
			shellPath = /bin/sh;
			shellScript = "diff \"${PODS_ROOT}/../Podfile.lock\" \"${PODS_ROOT}/Manifest.lock\" > /dev/null\nif [ $? != 0 ] ; then\n    # print error to STDERR\n    echo \"error: The sandbox is not in sync with the Podfile.lock. Run 'pod install' or update your CocoaPods installation.\" >&2\n    exit 1\nfi\n";
			showEnvVarsInLog = 0;
		};
		43444D9762E260AFFCB30CB9 /* [CP] Copy Pods Resources */ = {
			isa = PBXShellScriptBuildPhase;
			buildActionMask = 2147483647;
			files = (
			);
			inputPaths = (
			);
			name = "[CP] Copy Pods Resources";
			outputPaths = (
			);
			runOnlyForDeploymentPostprocessing = 0;
			shellPath = /bin/sh;
			shellScript = "\"${SRCROOT}/Pods/Target Support Files/Pods-frimapUITests/Pods-frimapUITests-resources.sh\"\n";
			showEnvVarsInLog = 0;
		};
		6621EE83A61D1BDF3024CEA1 /* [CP] Embed Pods Frameworks */ = {
			isa = PBXShellScriptBuildPhase;
			buildActionMask = 2147483647;
			files = (
			);
			inputPaths = (
			);
			name = "[CP] Embed Pods Frameworks";
			outputPaths = (
			);
			runOnlyForDeploymentPostprocessing = 0;
			shellPath = /bin/sh;
			shellScript = "\"${SRCROOT}/Pods/Target Support Files/Pods-frimapUITests/Pods-frimapUITests-frameworks.sh\"\n";
			showEnvVarsInLog = 0;
		};
		6B81E08ECB7B6854153554C5 /* [CP] Copy Pods Resources */ = {
			isa = PBXShellScriptBuildPhase;
			buildActionMask = 2147483647;
			files = (
			);
			inputPaths = (
			);
			name = "[CP] Copy Pods Resources";
			outputPaths = (
			);
			runOnlyForDeploymentPostprocessing = 0;
			shellPath = /bin/sh;
			shellScript = "\"${SRCROOT}/Pods/Target Support Files/Pods-frimap/Pods-frimap-resources.sh\"\n";
			showEnvVarsInLog = 0;
		};
		732B82F1C0C8DD641C10A729 /* [CP] Embed Pods Frameworks */ = {
			isa = PBXShellScriptBuildPhase;
			buildActionMask = 2147483647;
			files = (
			);
			inputPaths = (
			);
			name = "[CP] Embed Pods Frameworks";
			outputPaths = (
			);
			runOnlyForDeploymentPostprocessing = 0;
			shellPath = /bin/sh;
			shellScript = "\"${SRCROOT}/Pods/Target Support Files/Pods-frimap/Pods-frimap-frameworks.sh\"\n";
			showEnvVarsInLog = 0;
		};
		A144DDD896587B7318562FFC /* [CP] Check Pods Manifest.lock */ = {
			isa = PBXShellScriptBuildPhase;
			buildActionMask = 2147483647;
			files = (
			);
			inputPaths = (
			);
			name = "[CP] Check Pods Manifest.lock";
			outputPaths = (
			);
			runOnlyForDeploymentPostprocessing = 0;
			shellPath = /bin/sh;
			shellScript = "diff \"${PODS_ROOT}/../Podfile.lock\" \"${PODS_ROOT}/Manifest.lock\" > /dev/null\nif [ $? != 0 ] ; then\n    # print error to STDERR\n    echo \"error: The sandbox is not in sync with the Podfile.lock. Run 'pod install' or update your CocoaPods installation.\" >&2\n    exit 1\nfi\n";
			showEnvVarsInLog = 0;
		};
		DE77DE6C9CD33AB833E83999 /* [CP] Check Pods Manifest.lock */ = {
			isa = PBXShellScriptBuildPhase;
			buildActionMask = 2147483647;
			files = (
			);
			inputPaths = (
			);
			name = "[CP] Check Pods Manifest.lock";
			outputPaths = (
			);
			runOnlyForDeploymentPostprocessing = 0;
			shellPath = /bin/sh;
			shellScript = "diff \"${PODS_ROOT}/../Podfile.lock\" \"${PODS_ROOT}/Manifest.lock\" > /dev/null\nif [ $? != 0 ] ; then\n    # print error to STDERR\n    echo \"error: The sandbox is not in sync with the Podfile.lock. Run 'pod install' or update your CocoaPods installation.\" >&2\n    exit 1\nfi\n";
			showEnvVarsInLog = 0;
		};
		FDEAF48970022FF825E235E5 /* [CP] Copy Pods Resources */ = {
			isa = PBXShellScriptBuildPhase;
			buildActionMask = 2147483647;
			files = (
			);
			inputPaths = (
			);
			name = "[CP] Copy Pods Resources";
			outputPaths = (
			);
			runOnlyForDeploymentPostprocessing = 0;
			shellPath = /bin/sh;
			shellScript = "\"${SRCROOT}/Pods/Target Support Files/Pods-frimapTests/Pods-frimapTests-resources.sh\"\n";
			showEnvVarsInLog = 0;
		};
/* End PBXShellScriptBuildPhase section */

/* Begin PBXSourcesBuildPhase section */
		89319B4D1F4D3F93007E9BD3 /* Sources */ = {
			isa = PBXSourcesBuildPhase;
			buildActionMask = 2147483647;
			files = (
				89319B571F4D3F93007E9BD3 /* ViewController.swift in Sources */,
				89319B551F4D3F93007E9BD3 /* AppDelegate.swift in Sources */,
			);
			runOnlyForDeploymentPostprocessing = 0;
		};
		89319B611F4D3F93007E9BD3 /* Sources */ = {
			isa = PBXSourcesBuildPhase;
			buildActionMask = 2147483647;
			files = (
				89319B6A1F4D3F93007E9BD3 /* frimapTests.swift in Sources */,
			);
			runOnlyForDeploymentPostprocessing = 0;
		};
		89319B6C1F4D3F93007E9BD3 /* Sources */ = {
			isa = PBXSourcesBuildPhase;
			buildActionMask = 2147483647;
			files = (
				89319B751F4D3F93007E9BD3 /* frimapUITests.swift in Sources */,
			);
			runOnlyForDeploymentPostprocessing = 0;
		};
/* End PBXSourcesBuildPhase section */

/* Begin PBXTargetDependency section */
		89319B671F4D3F93007E9BD3 /* PBXTargetDependency */ = {
			isa = PBXTargetDependency;
			target = 89319B501F4D3F93007E9BD3 /* frimap */;
			targetProxy = 89319B661F4D3F93007E9BD3 /* PBXContainerItemProxy */;
		};
		89319B721F4D3F93007E9BD3 /* PBXTargetDependency */ = {
			isa = PBXTargetDependency;
			target = 89319B501F4D3F93007E9BD3 /* frimap */;
			targetProxy = 89319B711F4D3F93007E9BD3 /* PBXContainerItemProxy */;
		};
/* End PBXTargetDependency section */

/* Begin PBXVariantGroup section */
		89319B581F4D3F93007E9BD3 /* Main.storyboard */ = {
			isa = PBXVariantGroup;
			children = (
				89319B591F4D3F93007E9BD3 /* Base */,
			);
			name = Main.storyboard;
			sourceTree = "<group>";
		};
		89319B5D1F4D3F93007E9BD3 /* LaunchScreen.storyboard */ = {
			isa = PBXVariantGroup;
			children = (
				89319B5E1F4D3F93007E9BD3 /* Base */,
			);
			name = LaunchScreen.storyboard;
			sourceTree = "<group>";
		};
/* End PBXVariantGroup section */

/* Begin XCBuildConfiguration section */
		89319B771F4D3F93007E9BD3 /* Debug */ = {
			isa = XCBuildConfiguration;
			buildSettings = {
				ALWAYS_SEARCH_USER_PATHS = NO;
				CLANG_ANALYZER_NONNULL = YES;
				CLANG_ANALYZER_NUMBER_OBJECT_CONVERSION = YES_AGGRESSIVE;
				CLANG_CXX_LANGUAGE_STANDARD = "gnu++0x";
				CLANG_CXX_LIBRARY = "libc++";
				CLANG_ENABLE_MODULES = YES;
				CLANG_ENABLE_OBJC_ARC = YES;
				CLANG_WARN_BOOL_CONVERSION = YES;
				CLANG_WARN_CONSTANT_CONVERSION = YES;
				CLANG_WARN_DIRECT_OBJC_ISA_USAGE = YES_ERROR;
				CLANG_WARN_DOCUMENTATION_COMMENTS = YES;
				CLANG_WARN_EMPTY_BODY = YES;
				CLANG_WARN_ENUM_CONVERSION = YES;
				CLANG_WARN_INFINITE_RECURSION = YES;
				CLANG_WARN_INT_CONVERSION = YES;
				CLANG_WARN_OBJC_ROOT_CLASS = YES_ERROR;
				CLANG_WARN_SUSPICIOUS_MOVE = YES;
				CLANG_WARN_UNREACHABLE_CODE = YES;
				CLANG_WARN__DUPLICATE_METHOD_MATCH = YES;
				"CODE_SIGN_IDENTITY[sdk=iphoneos*]" = "iPhone Developer";
				COPY_PHASE_STRIP = NO;
				DEBUG_INFORMATION_FORMAT = dwarf;
				ENABLE_STRICT_OBJC_MSGSEND = YES;
				ENABLE_TESTABILITY = YES;
				GCC_C_LANGUAGE_STANDARD = gnu99;
				GCC_DYNAMIC_NO_PIC = NO;
				GCC_NO_COMMON_BLOCKS = YES;
				GCC_OPTIMIZATION_LEVEL = 0;
				GCC_PREPROCESSOR_DEFINITIONS = (
					"DEBUG=1",
					"$(inherited)",
				);
				GCC_WARN_64_TO_32_BIT_CONVERSION = YES;
				GCC_WARN_ABOUT_RETURN_TYPE = YES_ERROR;
				GCC_WARN_UNDECLARED_SELECTOR = YES;
				GCC_WARN_UNINITIALIZED_AUTOS = YES_AGGRESSIVE;
				GCC_WARN_UNUSED_FUNCTION = YES;
				GCC_WARN_UNUSED_VARIABLE = YES;
				IPHONEOS_DEPLOYMENT_TARGET = 10.3;
				MTL_ENABLE_DEBUG_INFO = YES;
				ONLY_ACTIVE_ARCH = YES;
				SDKROOT = iphoneos;
				SWIFT_ACTIVE_COMPILATION_CONDITIONS = DEBUG;
				SWIFT_OPTIMIZATION_LEVEL = "-Onone";
			};
			name = Debug;
		};
		89319B781F4D3F93007E9BD3 /* Release */ = {
			isa = XCBuildConfiguration;
			buildSettings = {
				ALWAYS_SEARCH_USER_PATHS = NO;
				CLANG_ANALYZER_NONNULL = YES;
				CLANG_ANALYZER_NUMBER_OBJECT_CONVERSION = YES_AGGRESSIVE;
				CLANG_CXX_LANGUAGE_STANDARD = "gnu++0x";
				CLANG_CXX_LIBRARY = "libc++";
				CLANG_ENABLE_MODULES = YES;
				CLANG_ENABLE_OBJC_ARC = YES;
				CLANG_WARN_BOOL_CONVERSION = YES;
				CLANG_WARN_CONSTANT_CONVERSION = YES;
				CLANG_WARN_DIRECT_OBJC_ISA_USAGE = YES_ERROR;
				CLANG_WARN_DOCUMENTATION_COMMENTS = YES;
				CLANG_WARN_EMPTY_BODY = YES;
				CLANG_WARN_ENUM_CONVERSION = YES;
				CLANG_WARN_INFINITE_RECURSION = YES;
				CLANG_WARN_INT_CONVERSION = YES;
				CLANG_WARN_OBJC_ROOT_CLASS = YES_ERROR;
				CLANG_WARN_SUSPICIOUS_MOVE = YES;
				CLANG_WARN_UNREACHABLE_CODE = YES;
				CLANG_WARN__DUPLICATE_METHOD_MATCH = YES;
				"CODE_SIGN_IDENTITY[sdk=iphoneos*]" = "iPhone Developer";
				COPY_PHASE_STRIP = NO;
				DEBUG_INFORMATION_FORMAT = "dwarf-with-dsym";
				ENABLE_NS_ASSERTIONS = NO;
				ENABLE_STRICT_OBJC_MSGSEND = YES;
				GCC_C_LANGUAGE_STANDARD = gnu99;
				GCC_NO_COMMON_BLOCKS = YES;
				GCC_WARN_64_TO_32_BIT_CONVERSION = YES;
				GCC_WARN_ABOUT_RETURN_TYPE = YES_ERROR;
				GCC_WARN_UNDECLARED_SELECTOR = YES;
				GCC_WARN_UNINITIALIZED_AUTOS = YES_AGGRESSIVE;
				GCC_WARN_UNUSED_FUNCTION = YES;
				GCC_WARN_UNUSED_VARIABLE = YES;
				IPHONEOS_DEPLOYMENT_TARGET = 10.3;
				MTL_ENABLE_DEBUG_INFO = NO;
				SDKROOT = iphoneos;
				SWIFT_OPTIMIZATION_LEVEL = "-Owholemodule";
				VALIDATE_PRODUCT = YES;
			};
			name = Release;
		};
		89319B7A1F4D3F93007E9BD3 /* Debug */ = {
			isa = XCBuildConfiguration;
			baseConfigurationReference = A369ECA9DE11436BE93A62DC /* Pods-frimap.debug.xcconfig */;
			buildSettings = {
				ASSETCATALOG_COMPILER_APPICON_NAME = AppIcon;
				INFOPLIST_FILE = frimap/Info.plist;
				LD_RUNPATH_SEARCH_PATHS = "$(inherited) @executable_path/Frameworks";
				PRODUCT_BUNDLE_IDENTIFIER = com.nepuson.frimap;
				PRODUCT_NAME = "$(TARGET_NAME)";
				SWIFT_VERSION = 3.0;
			};
			name = Debug;
		};
		89319B7B1F4D3F93007E9BD3 /* Release */ = {
			isa = XCBuildConfiguration;
			baseConfigurationReference = 8B7C7ED0E9DE79FD32150374 /* Pods-frimap.release.xcconfig */;
			buildSettings = {
				ASSETCATALOG_COMPILER_APPICON_NAME = AppIcon;
				INFOPLIST_FILE = frimap/Info.plist;
				LD_RUNPATH_SEARCH_PATHS = "$(inherited) @executable_path/Frameworks";
				PRODUCT_BUNDLE_IDENTIFIER = com.nepuson.frimap;
				PRODUCT_NAME = "$(TARGET_NAME)";
				SWIFT_VERSION = 3.0;
			};
			name = Release;
		};
		89319B7D1F4D3F93007E9BD3 /* Debug */ = {
			isa = XCBuildConfiguration;
			baseConfigurationReference = E316C27D3B9C94569C7330EE /* Pods-frimapTests.debug.xcconfig */;
			buildSettings = {
				ALWAYS_EMBED_SWIFT_STANDARD_LIBRARIES = YES;
				BUNDLE_LOADER = "$(TEST_HOST)";
				INFOPLIST_FILE = frimapTests/Info.plist;
				LD_RUNPATH_SEARCH_PATHS = "$(inherited) @executable_path/Frameworks @loader_path/Frameworks";
				PRODUCT_BUNDLE_IDENTIFIER = com.nepuson.frimapTests;
				PRODUCT_NAME = "$(TARGET_NAME)";
				SWIFT_VERSION = 3.0;
				TEST_HOST = "$(BUILT_PRODUCTS_DIR)/frimap.app/frimap";
			};
			name = Debug;
		};
		89319B7E1F4D3F93007E9BD3 /* Release */ = {
			isa = XCBuildConfiguration;
			baseConfigurationReference = 3279E333C40E10846ABFEDE2 /* Pods-frimapTests.release.xcconfig */;
			buildSettings = {
				ALWAYS_EMBED_SWIFT_STANDARD_LIBRARIES = YES;
				BUNDLE_LOADER = "$(TEST_HOST)";
				INFOPLIST_FILE = frimapTests/Info.plist;
				LD_RUNPATH_SEARCH_PATHS = "$(inherited) @executable_path/Frameworks @loader_path/Frameworks";
				PRODUCT_BUNDLE_IDENTIFIER = com.nepuson.frimapTests;
				PRODUCT_NAME = "$(TARGET_NAME)";
				SWIFT_VERSION = 3.0;
				TEST_HOST = "$(BUILT_PRODUCTS_DIR)/frimap.app/frimap";
			};
			name = Release;
		};
		89319B801F4D3F93007E9BD3 /* Debug */ = {
			isa = XCBuildConfiguration;
			baseConfigurationReference = 6E58BA3A91A23CFB3C88F344 /* Pods-frimapUITests.debug.xcconfig */;
			buildSettings = {
				ALWAYS_EMBED_SWIFT_STANDARD_LIBRARIES = YES;
				INFOPLIST_FILE = frimapUITests/Info.plist;
				LD_RUNPATH_SEARCH_PATHS = "$(inherited) @executable_path/Frameworks @loader_path/Frameworks";
				PRODUCT_BUNDLE_IDENTIFIER = com.nepuson.frimapUITests;
				PRODUCT_NAME = "$(TARGET_NAME)";
				SWIFT_VERSION = 3.0;
				TEST_TARGET_NAME = frimap;
			};
			name = Debug;
		};
		89319B811F4D3F93007E9BD3 /* Release */ = {
			isa = XCBuildConfiguration;
			baseConfigurationReference = 558092652AFE5EA04D1A7B3B /* Pods-frimapUITests.release.xcconfig */;
			buildSettings = {
				ALWAYS_EMBED_SWIFT_STANDARD_LIBRARIES = YES;
				INFOPLIST_FILE = frimapUITests/Info.plist;
				LD_RUNPATH_SEARCH_PATHS = "$(inherited) @executable_path/Frameworks @loader_path/Frameworks";
				PRODUCT_BUNDLE_IDENTIFIER = com.nepuson.frimapUITests;
				PRODUCT_NAME = "$(TARGET_NAME)";
				SWIFT_VERSION = 3.0;
				TEST_TARGET_NAME = frimap;
			};
			name = Release;
		};
/* End XCBuildConfiguration section */

/* Begin XCConfigurationList section */
		89319B4C1F4D3F93007E9BD3 /* Build configuration list for PBXProject "frimap" */ = {
			isa = XCConfigurationList;
			buildConfigurations = (
				89319B771F4D3F93007E9BD3 /* Debug */,
				89319B781F4D3F93007E9BD3 /* Release */,
			);
			defaultConfigurationIsVisible = 0;
			defaultConfigurationName = Release;
		};
		89319B791F4D3F93007E9BD3 /* Build configuration list for PBXNativeTarget "frimap" */ = {
			isa = XCConfigurationList;
			buildConfigurations = (
				89319B7A1F4D3F93007E9BD3 /* Debug */,
				89319B7B1F4D3F93007E9BD3 /* Release */,
			);
			defaultConfigurationIsVisible = 0;
			defaultConfigurationName = Release;
		};
		89319B7C1F4D3F93007E9BD3 /* Build configuration list for PBXNativeTarget "frimapTests" */ = {
			isa = XCConfigurationList;
			buildConfigurations = (
				89319B7D1F4D3F93007E9BD3 /* Debug */,
				89319B7E1F4D3F93007E9BD3 /* Release */,
			);
			defaultConfigurationIsVisible = 0;
			defaultConfigurationName = Release;
		};
		89319B7F1F4D3F93007E9BD3 /* Build configuration list for PBXNativeTarget "frimapUITests" */ = {
			isa = XCConfigurationList;
			buildConfigurations = (
				89319B801F4D3F93007E9BD3 /* Debug */,
				89319B811F4D3F93007E9BD3 /* Release */,
			);
			defaultConfigurationIsVisible = 0;
			defaultConfigurationName = Release;
		};
/* End XCConfigurationList section */
	};
	rootObject = 89319B491F4D3F93007E9BD3 /* Project object */;
}
